// !$*UTF8*$!
{
	archiveVersion = 1;
	classes = {
	};
	objectVersion = 46;
	objects = {

/* Begin PBXBuildFile section */
		7B25489D1ADAC224001ED5DF /* luigi.h in Headers */ = {isa = PBXBuildFile; fileRef = 7B25489C1ADAC224001ED5DF /* luigi.h */; };
		7B25489F1ADAC224001ED5DF /* luigi.m in Sources */ = {isa = PBXBuildFile; fileRef = 7B25489E1ADAC224001ED5DF /* luigi.m */; };
		7B2548A51ADAC224001ED5DF /* libluigi.dylib in Frameworks */ = {isa = PBXBuildFile; fileRef = 7B2548991ADAC224001ED5DF /* libluigi.dylib */; };
		7B2548B41ADAC272001ED5DF /* Security.framework in Frameworks */ = {isa = PBXBuildFile; fileRef = 7B2548B31ADAC272001ED5DF /* Security.framework */; };
		7B2548BA1ADAC2D8001ED5DF /* JRSwizzle.h in Headers */ = {isa = PBXBuildFile; fileRef = 7B2548B71ADAC2D8001ED5DF /* JRSwizzle.h */; };
		7B2548BB1ADAC2D8001ED5DF /* JRSwizzle.m in Sources */ = {isa = PBXBuildFile; fileRef = 7B2548B81ADAC2D8001ED5DF /* JRSwizzle.m */; };
/* End PBXBuildFile section */

/* Begin PBXContainerItemProxy section */
		7B2548A61ADAC224001ED5DF /* PBXContainerItemProxy */ = {
			isa = PBXContainerItemProxy;
			containerPortal = 7B2548911ADAC224001ED5DF /* Project object */;
			proxyType = 1;
			remoteGlobalIDString = 7B2548981ADAC224001ED5DF;
			remoteInfo = luigi;
		};
/* End PBXContainerItemProxy section */

/* Begin PBXFileReference section */
		7B2548991ADAC224001ED5DF /* libluigi.dylib */ = {isa = PBXFileReference; explicitFileType = "compiled.mach-o.dylib"; includeInIndex = 0; path = libluigi.dylib; sourceTree = BUILT_PRODUCTS_DIR; };
		7B25489C1ADAC224001ED5DF /* luigi.h */ = {isa = PBXFileReference; lastKnownFileType = sourcecode.c.h; path = luigi.h; sourceTree = "<group>"; };
		7B25489E1ADAC224001ED5DF /* luigi.m */ = {isa = PBXFileReference; lastKnownFileType = sourcecode.c.objc; path = luigi.m; sourceTree = "<group>"; };
		7B2548A41ADAC224001ED5DF /* luigiTests.xctest */ = {isa = PBXFileReference; explicitFileType = wrapper.cfbundle; includeInIndex = 0; path = luigiTests.xctest; sourceTree = BUILT_PRODUCTS_DIR; };
		7B2548AA1ADAC224001ED5DF /* Info.plist */ = {isa = PBXFileReference; lastKnownFileType = text.plist.xml; path = Info.plist; sourceTree = "<group>"; };
		7B2548B31ADAC272001ED5DF /* Security.framework */ = {isa = PBXFileReference; lastKnownFileType = wrapper.framework; name = Security.framework; path = System/Library/Frameworks/Security.framework; sourceTree = SDKROOT; };
		7B2548B71ADAC2D8001ED5DF /* JRSwizzle.h */ = {isa = PBXFileReference; fileEncoding = 4; lastKnownFileType = sourcecode.c.h; path = JRSwizzle.h; sourceTree = "<group>"; };
		7B2548B81ADAC2D8001ED5DF /* JRSwizzle.m */ = {isa = PBXFileReference; fileEncoding = 4; lastKnownFileType = sourcecode.c.objc; path = JRSwizzle.m; sourceTree = "<group>"; };
/* End PBXFileReference section */

/* Begin PBXFrameworksBuildPhase section */
		7B2548961ADAC224001ED5DF /* Frameworks */ = {
			isa = PBXFrameworksBuildPhase;
			buildActionMask = 2147483647;
			files = (
				7B2548B41ADAC272001ED5DF /* Security.framework in Frameworks */,
			);
			runOnlyForDeploymentPostprocessing = 0;
		};
		7B2548A11ADAC224001ED5DF /* Frameworks */ = {
			isa = PBXFrameworksBuildPhase;
			buildActionMask = 2147483647;
			files = (
				7B2548A51ADAC224001ED5DF /* libluigi.dylib in Frameworks */,
			);
			runOnlyForDeploymentPostprocessing = 0;
		};
/* End PBXFrameworksBuildPhase section */

/* Begin PBXGroup section */
		7B2548901ADAC224001ED5DF = {
			isa = PBXGroup;
			children = (
				7B25489B1ADAC224001ED5DF /* luigi */,
				7B2548B51ADAC27A001ED5DF /* Frameworks */,
				7B2548A81ADAC224001ED5DF /* luigiTests */,
				7B25489A1ADAC224001ED5DF /* Products */,
			);
			sourceTree = "<group>";
		};
		7B25489A1ADAC224001ED5DF /* Products */ = {
			isa = PBXGroup;
			children = (
				7B2548991ADAC224001ED5DF /* libluigi.dylib */,
				7B2548A41ADAC224001ED5DF /* luigiTests.xctest */,
			);
			name = Products;
			sourceTree = "<group>";
		};
		7B25489B1ADAC224001ED5DF /* luigi */ = {
			isa = PBXGroup;
			children = (
				7B25489E1ADAC224001ED5DF /* luigi.m */,
				7B25489C1ADAC224001ED5DF /* luigi.h */,
				7B2548B61ADAC2D8001ED5DF /* JRSwizzle */,
			);
			path = luigi;
			sourceTree = "<group>";
		};
		7B2548A81ADAC224001ED5DF /* luigiTests */ = {
			isa = PBXGroup;
			children = (
				7B2548A91ADAC224001ED5DF /* Supporting Files */,
			);
			path = luigiTests;
			sourceTree = "<group>";
		};
		7B2548A91ADAC224001ED5DF /* Supporting Files */ = {
			isa = PBXGroup;
			children = (
				7B2548AA1ADAC224001ED5DF /* Info.plist */,
			);
			name = "Supporting Files";
			sourceTree = "<group>";
		};
		7B2548B51ADAC27A001ED5DF /* Frameworks */ = {
			isa = PBXGroup;
			children = (
				7B2548B31ADAC272001ED5DF /* Security.framework */,
			);
			name = Frameworks;
			sourceTree = "<group>";
		};
		7B2548B61ADAC2D8001ED5DF /* JRSwizzle */ = {
			isa = PBXGroup;
			children = (
				7B2548B71ADAC2D8001ED5DF /* JRSwizzle.h */,
				7B2548B81ADAC2D8001ED5DF /* JRSwizzle.m */,
			);
			path = JRSwizzle;
			sourceTree = "<group>";
		};
/* End PBXGroup section */

/* Begin PBXHeadersBuildPhase section */
		7B2548971ADAC224001ED5DF /* Headers */ = {
			isa = PBXHeadersBuildPhase;
			buildActionMask = 2147483647;
			files = (
				7B25489D1ADAC224001ED5DF /* luigi.h in Headers */,
				7B2548BA1ADAC2D8001ED5DF /* JRSwizzle.h in Headers */,
			);
			runOnlyForDeploymentPostprocessing = 0;
		};
/* End PBXHeadersBuildPhase section */

/* Begin PBXNativeTarget section */
		7B2548981ADAC224001ED5DF /* luigi */ = {
			isa = PBXNativeTarget;
			buildConfigurationList = 7B2548AD1ADAC224001ED5DF /* Build configuration list for PBXNativeTarget "luigi" */;
			buildPhases = (
				7B2548951ADAC224001ED5DF /* Sources */,
				7B2548961ADAC224001ED5DF /* Frameworks */,
				7B2548971ADAC224001ED5DF /* Headers */,
			);
			buildRules = (
			);
			dependencies = (
			);
			name = luigi;
			productName = luigi;
			productReference = 7B2548991ADAC224001ED5DF /* libluigi.dylib */;
			productType = "com.apple.product-type.library.dynamic";
		};
		7B2548A31ADAC224001ED5DF /* luigiTests */ = {
			isa = PBXNativeTarget;
			buildConfigurationList = 7B2548B01ADAC224001ED5DF /* Build configuration list for PBXNativeTarget "luigiTests" */;
			buildPhases = (
				7B2548A01ADAC224001ED5DF /* Sources */,
				7B2548A11ADAC224001ED5DF /* Frameworks */,
				7B2548A21ADAC224001ED5DF /* Resources */,
			);
			buildRules = (
			);
			dependencies = (
				7B2548A71ADAC224001ED5DF /* PBXTargetDependency */,
			);
			name = luigiTests;
			productName = luigiTests;
			productReference = 7B2548A41ADAC224001ED5DF /* luigiTests.xctest */;
			productType = "com.apple.product-type.bundle.unit-test";
		};
/* End PBXNativeTarget section */

/* Begin PBXProject section */
		7B2548911ADAC224001ED5DF /* Project object */ = {
			isa = PBXProject;
			attributes = {
				LastUpgradeCheck = 0620;
				ORGANIZATIONNAME = Put.as;
				TargetAttributes = {
					7B2548981ADAC224001ED5DF = {
						CreatedOnToolsVersion = 6.2;
					};
					7B2548A31ADAC224001ED5DF = {
						CreatedOnToolsVersion = 6.2;
					};
				};
			};
			buildConfigurationList = 7B2548941ADAC224001ED5DF /* Build configuration list for PBXProject "luigi" */;
			compatibilityVersion = "Xcode 3.2";
			developmentRegion = English;
			hasScannedForEncodings = 0;
			knownRegions = (
				en,
			);
			mainGroup = 7B2548901ADAC224001ED5DF;
			productRefGroup = 7B25489A1ADAC224001ED5DF /* Products */;
			projectDirPath = "";
			projectRoot = "";
			targets = (
				7B2548981ADAC224001ED5DF /* luigi */,
				7B2548A31ADAC224001ED5DF /* luigiTests */,
			);
		};
/* End PBXProject section */

/* Begin PBXResourcesBuildPhase section */
		7B2548A21ADAC224001ED5DF /* Resources */ = {
			isa = PBXResourcesBuildPhase;
			buildActionMask = 2147483647;
			files = (
			);
			runOnlyForDeploymentPostprocessing = 0;
		};
/* End PBXResourcesBuildPhase section */

/* Begin PBXSourcesBuildPhase section */
		7B2548951ADAC224001ED5DF /* Sources */ = {
			isa = PBXSourcesBuildPhase;
			buildActionMask = 2147483647;
			files = (
				7B2548BB1ADAC2D8001ED5DF /* JRSwizzle.m in Sources */,
				7B25489F1ADAC224001ED5DF /* luigi.m in Sources */,
			);
			runOnlyForDeploymentPostprocessing = 0;
		};
		7B2548A01ADAC224001ED5DF /* Sources */ = {
			isa = PBXSourcesBuildPhase;
			buildActionMask = 2147483647;
			files = (
			);
			runOnlyForDeploymentPostprocessing = 0;
		};
/* End PBXSourcesBuildPhase section */

/* Begin PBXTargetDependency section */
		7B2548A71ADAC224001ED5DF /* PBXTargetDependency */ = {
			isa = PBXTargetDependency;
			target = 7B2548981ADAC224001ED5DF /* luigi */;
			targetProxy = 7B2548A61ADAC224001ED5DF /* PBXContainerItemProxy */;
		};
/* End PBXTargetDependency section */

/* Begin XCBuildConfiguration section */
		7B2548AB1ADAC224001ED5DF /* Debug */ = {
			isa = XCBuildConfiguration;
			buildSettings = {
				ALWAYS_SEARCH_USER_PATHS = NO;
				CLANG_CXX_LANGUAGE_STANDARD = "gnu++0x";
				CLANG_CXX_LIBRARY = "libc++";
				CLANG_ENABLE_MODULES = YES;
				CLANG_ENABLE_OBJC_ARC = YES;
				CLANG_WARN_BOOL_CONVERSION = YES;
				CLANG_WARN_CONSTANT_CONVERSION = YES;
				CLANG_WARN_DIRECT_OBJC_ISA_USAGE = YES_ERROR;
				CLANG_WARN_EMPTY_BODY = YES;
				CLANG_WARN_ENUM_CONVERSION = YES;
				CLANG_WARN_INT_CONVERSION = YES;
				CLANG_WARN_OBJC_ROOT_CLASS = YES_ERROR;
				CLANG_WARN_UNREACHABLE_CODE = YES;
				CLANG_WARN__DUPLICATE_METHOD_MATCH = YES;
				COPY_PHASE_STRIP = NO;
				ENABLE_STRICT_OBJC_MSGSEND = YES;
				GCC_C_LANGUAGE_STANDARD = gnu99;
				GCC_DYNAMIC_NO_PIC = NO;
				GCC_OPTIMIZATION_LEVEL = 0;
				GCC_PREPROCESSOR_DEFINITIONS = (
					"DEBUG=1",
					"$(inherited)",
				);
				GCC_SYMBOLS_PRIVATE_EXTERN = NO;
				GCC_WARN_64_TO_32_BIT_CONVERSION = YES;
				GCC_WARN_ABOUT_RETURN_TYPE = YES_ERROR;
				GCC_WARN_UNDECLARED_SELECTOR = YES;
				GCC_WARN_UNINITIALIZED_AUTOS = YES_AGGRESSIVE;
				GCC_WARN_UNUSED_FUNCTION = YES;
				GCC_WARN_UNUSED_VARIABLE = YES;
				MACOSX_DEPLOYMENT_TARGET = 10.9;
				MTL_ENABLE_DEBUG_INFO = YES;
				ONLY_ACTIVE_ARCH = YES;
				SDKROOT = macosx;
			};
			name = Debug;
		};
		7B2548AC1ADAC224001ED5DF /* Release */ = {
			isa = XCBuildConfiguration;
			buildSettings = {
				ALWAYS_SEARCH_USER_PATHS = NO;
				CLANG_CXX_LANGUAGE_STANDARD = "gnu++0x";
				CLANG_CXX_LIBRARY = "libc++";
				CLANG_ENABLE_MODULES = YES;
				CLANG_ENABLE_OBJC_ARC = YES;
				CLANG_WARN_BOOL_CONVERSION = YES;
				CLANG_WARN_CONSTANT_CONVERSION = YES;
				CLANG_WARN_DIRECT_OBJC_ISA_USAGE = YES_ERROR;
				CLANG_WARN_EMPTY_BODY = YES;
				CLANG_WARN_ENUM_CONVERSION = YES;
				CLANG_WARN_INT_CONVERSION = YES;
				CLANG_WARN_OBJC_ROOT_CLASS = YES_ERROR;
				CLANG_WARN_UNREACHABLE_CODE = YES;
				CLANG_WARN__DUPLICATE_METHOD_MATCH = YES;
				COPY_PHASE_STRIP = NO;
				DEBUG_INFORMATION_FORMAT = "dwarf-with-dsym";
				ENABLE_NS_ASSERTIONS = NO;
				ENABLE_STRICT_OBJC_MSGSEND = YES;
				GCC_C_LANGUAGE_STANDARD = gnu99;
				GCC_WARN_64_TO_32_BIT_CONVERSION = YES;
				GCC_WARN_ABOUT_RETURN_TYPE = YES_ERROR;
				GCC_WARN_UNDECLARED_SELECTOR = YES;
				GCC_WARN_UNINITIALIZED_AUTOS = YES_AGGRESSIVE;
				GCC_WARN_UNUSED_FUNCTION = YES;
				GCC_WARN_UNUSED_VARIABLE = YES;
				MACOSX_DEPLOYMENT_TARGET = 10.9;
				MTL_ENABLE_DEBUG_INFO = NO;
				SDKROOT = macosx;
			};
			name = Release;
		};
		7B2548AE1ADAC224001ED5DF /* Debug */ = {
			isa = XCBuildConfiguration;
			buildSettings = {
				DYLIB_COMPATIBILITY_VERSION = 1;
				DYLIB_CURRENT_VERSION = 1;
				EXECUTABLE_PREFIX = lib;
				PRODUCT_NAME = "$(TARGET_NAME)";
			};
			name = Debug;
		};
		7B2548AF1ADAC224001ED5DF /* Release */ = {
			isa = XCBuildConfiguration;
			buildSettings = {
				DYLIB_COMPATIBILITY_VERSION = 1;
				DYLIB_CURRENT_VERSION = 1;
				EXECUTABLE_PREFIX = lib;
				PRODUCT_NAME = "$(TARGET_NAME)";
			};
			name = Release;
		};
		7B2548B11ADAC224001ED5DF /* Debug */ = {
			isa = XCBuildConfiguration;
			buildSettings = {
				COMBINE_HIDPI_IMAGES = YES;
				FRAMEWORK_SEARCH_PATHS = (
					"$(DEVELOPER_FRAMEWORKS_DIR)",
					"$(inherited)",
				);
				GCC_PREPROCESSOR_DEFINITIONS = (
					"DEBUG=1",
					"$(inherited)",
				);
				INFOPLIST_FILE = luigiTests/Info.plist;
				LD_RUNPATH_SEARCH_PATHS = "$(inherited) @executable_path/../Frameworks @loader_path/../Frameworks";
				PRODUCT_NAME = "$(TARGET_NAME)";
			};
			name = Debug;
		};
		7B2548B21ADAC224001ED5DF /* Release */ = {
			isa = XCBuildConfiguration;
			buildSettings = {
				COMBINE_HIDPI_IMAGES = YES;
				FRAMEWORK_SEARCH_PATHS = (
					"$(DEVELOPER_FRAMEWORKS_DIR)",
					"$(inherited)",
				);
				INFOPLIST_FILE = luigiTests/Info.plist;
				LD_RUNPATH_SEARCH_PATHS = "$(inherited) @executable_path/../Frameworks @loader_path/../Frameworks";
				PRODUCT_NAME = "$(TARGET_NAME)";
			};
			name = Release;
		};
/* End XCBuildConfiguration section */

/* Begin XCConfigurationList section */
		7B2548941ADAC224001ED5DF /* Build configuration list for PBXProject "luigi" */ = {
			isa = XCConfigurationList;
			buildConfigurations = (
				7B2548AB1ADAC224001ED5DF /* Debug */,
				7B2548AC1ADAC224001ED5DF /* Release */,
			);
			defaultConfigurationIsVisible = 0;
			defaultConfigurationName = Release;
		};
		7B2548AD1ADAC224001ED5DF /* Build configuration list for PBXNativeTarget "luigi" */ = {
			isa = XCConfigurationList;
			buildConfigurations = (
				7B2548AE1ADAC224001ED5DF /* Debug */,
				7B2548AF1ADAC224001ED5DF /* Release */,
			);
			defaultConfigurationIsVisible = 0;
		};
		7B2548B01ADAC224001ED5DF /* Build configuration list for PBXNativeTarget "luigiTests" */ = {
			isa = XCConfigurationList;
			buildConfigurations = (
				7B2548B11ADAC224001ED5DF /* Debug */,
				7B2548B21ADAC224001ED5DF /* Release */,
			);
			defaultConfigurationIsVisible = 0;
		};
/* End XCConfigurationList section */
	};
	rootObject = 7B2548911ADAC224001ED5DF /* Project object */;
}
